
Microsoft Visual Studio Solution File, Format Version 12.00
# Visual Studio 15
VisualStudioVersion = 15.0.26730.10
MinimumVisualStudioVersion = 10.0.40219.1

Project("{6EC3EE1D-3C4E-46DD-8F32-0CC8E7565705}") = "TrainingScheduler", "TrainingScheduler\TrainingScheduler.fsproj", "{607E6B39-3F25-485F-BD8C-D8571EE3DD98}"
EndProject

Project("{F2A71F9B-5D33-465A-A702-920D77279786}") = "TrainingScheduler.Android", "TrainingScheduler.Android\TrainingScheduler.Android.fsproj", "{0C66AB30-0888-4C73-9CE6-EE31DA3E3E69}"
EndProject


Project("{F2A71F9B-5D33-465A-A702-920D77279786}") = "TrainingScheduler.iOS", "TrainingScheduler.iOS\TrainingScheduler.iOS.fsproj", "{A7DD791E-E3BC-44A8-B1AA-3449B91C49B8}"
EndProject




Global
	GlobalSection(SolutionConfigurationPlatforms) = preSolution
		Ad-Hoc|Any CPU = Ad-Hoc|Any CPU
		Ad-Hoc|ARM = Ad-Hoc|ARM
		Ad-Hoc|iPhone = Ad-Hoc|iPhone
		Ad-Hoc|iPhoneSimulator = Ad-Hoc|iPhoneSimulator
		Ad-Hoc|x64 = Ad-Hoc|x64
		Ad-Hoc|x86 = Ad-Hoc|x86
		AppStore|Any CPU = AppStore|Any CPU
		AppStore|ARM = AppStore|ARM
		AppStore|iPhone = AppStore|iPhone
		AppStore|iPhoneSimulator = AppStore|iPhoneSimulator
		AppStore|x64 = AppStore|x64
		AppStore|x86 = AppStore|x86
		Debug|Any CPU = Debug|Any CPU
		Debug|ARM = Debug|ARM
		Debug|iPhone = Debug|iPhone
		Debug|iPhoneSimulator = Debug|iPhoneSimulator
		Debug|x64 = Debug|x64
		Debug|x86 = Debug|x86
		Release|Any CPU = Release|Any CPU
		Release|ARM = Release|ARM
		Release|iPhone = Release|iPhone
		Release|iPhoneSimulator = Release|iPhoneSimulator
		Release|x64 = Release|x64
		Release|x86 = Release|x86
	EndGlobalSection
	GlobalSection(ProjectConfigurationPlatforms) = postSolution
		{607E6B39-3F25-485F-BD8C-D8571EE3DD98}.Ad-Hoc|Any CPU.ActiveCfg = Debug|Any CPU
		{607E6B39-3F25-485F-BD8C-D8571EE3DD98}.Ad-Hoc|Any CPU.Build.0 = Debug|Any CPU
		{607E6B39-3F25-485F-BD8C-D8571EE3DD98}.Ad-Hoc|ARM.ActiveCfg = Debug|Any CPU
		{607E6B39-3F25-485F-BD8C-D8571EE3DD98}.Ad-Hoc|ARM.Build.0 = Debug|Any CPU
		{607E6B39-3F25-485F-BD8C-D8571EE3DD98}.Ad-Hoc|iPhone.ActiveCfg = Debug|Any CPU
		{607E6B39-3F25-485F-BD8C-D8571EE3DD98}.Ad-Hoc|iPhone.Build.0 = Debug|Any CPU
		{607E6B39-3F25-485F-BD8C-D8571EE3DD98}.Ad-Hoc|iPhoneSimulator.ActiveCfg = Debug|Any CPU
		{607E6B39-3F25-485F-BD8C-D8571EE3DD98}.Ad-Hoc|iPhoneSimulator.Build.0 = Debug|Any CPU
		{607E6B39-3F25-485F-BD8C-D8571EE3DD98}.Ad-Hoc|x64.ActiveCfg = Debug|Any CPU
		{607E6B39-3F25-485F-BD8C-D8571EE3DD98}.Ad-Hoc|x64.Build.0 = Debug|Any CPU
		{607E6B39-3F25-485F-BD8C-D8571EE3DD98}.Ad-Hoc|x86.ActiveCfg = Debug|Any CPU
		{607E6B39-3F25-485F-BD8C-D8571EE3DD98}.Ad-Hoc|x86.Build.0 = Debug|Any CPU
		{607E6B39-3F25-485F-BD8C-D8571EE3DD98}.AppStore|Any CPU.ActiveCfg = Debug|Any CPU
		{607E6B39-3F25-485F-BD8C-D8571EE3DD98}.AppStore|Any CPU.Build.0 = Debug|Any CPU
		{607E6B39-3F25-485F-BD8C-D8571EE3DD98}.AppStore|ARM.ActiveCfg = Debug|Any CPU
		{607E6B39-3F25-485F-BD8C-D8571EE3DD98}.AppStore|ARM.Build.0 = Debug|Any CPU
		{607E6B39-3F25-485F-BD8C-D8571EE3DD98}.AppStore|iPhone.ActiveCfg = Debug|Any CPU
		{607E6B39-3F25-485F-BD8C-D8571EE3DD98}.AppStore|iPhone.Build.0 = Debug|Any CPU
		{607E6B39-3F25-485F-BD8C-D8571EE3DD98}.AppStore|iPhoneSimulator.ActiveCfg = Debug|Any CPU
		{607E6B39-3F25-485F-BD8C-D8571EE3DD98}.AppStore|iPhoneSimulator.Build.0 = Debug|Any CPU
		{607E6B39-3F25-485F-BD8C-D8571EE3DD98}.AppStore|x64.ActiveCfg = Debug|Any CPU
		{607E6B39-3F25-485F-BD8C-D8571EE3DD98}.AppStore|x64.Build.0 = Debug|Any CPU
		{607E6B39-3F25-485F-BD8C-D8571EE3DD98}.AppStore|x86.ActiveCfg = Debug|Any CPU
		{607E6B39-3F25-485F-BD8C-D8571EE3DD98}.AppStore|x86.Build.0 = Debug|Any CPU
		{607E6B39-3F25-485F-BD8C-D8571EE3DD98}.Debug|Any CPU.ActiveCfg = Debug|Any CPU
		{607E6B39-3F25-485F-BD8C-D8571EE3DD98}.Debug|Any CPU.Build.0 = Debug|Any CPU
		{607E6B39-3F25-485F-BD8C-D8571EE3DD98}.Debug|ARM.ActiveCfg = Debug|Any CPU
		{607E6B39-3F25-485F-BD8C-D8571EE3DD98}.Debug|ARM.Build.0 = Debug|Any CPU
		{607E6B39-3F25-485F-BD8C-D8571EE3DD98}.Debug|iPhone.ActiveCfg = Debug|Any CPU
		{607E6B39-3F25-485F-BD8C-D8571EE3DD98}.Debug|iPhone.Build.0 = Debug|Any CPU
		{607E6B39-3F25-485F-BD8C-D8571EE3DD98}.Debug|iPhoneSimulator.ActiveCfg = Debug|Any CPU
		{607E6B39-3F25-485F-BD8C-D8571EE3DD98}.Debug|iPhoneSimulator.Build.0 = Debug|Any CPU
		{607E6B39-3F25-485F-BD8C-D8571EE3DD98}.Debug|x64.ActiveCfg = Debug|Any CPU
		{607E6B39-3F25-485F-BD8C-D8571EE3DD98}.Debug|x64.Build.0 = Debug|Any CPU
		{607E6B39-3F25-485F-BD8C-D8571EE3DD98}.Debug|x86.ActiveCfg = Debug|Any CPU
		{607E6B39-3F25-485F-BD8C-D8571EE3DD98}.Debug|x86.Build.0 = Debug|Any CPU
		{607E6B39-3F25-485F-BD8C-D8571EE3DD98}.Release|Any CPU.ActiveCfg = Release|Any CPU
		{607E6B39-3F25-485F-BD8C-D8571EE3DD98}.Release|Any CPU.Build.0 = Release|Any CPU
		{607E6B39-3F25-485F-BD8C-D8571EE3DD98}.Release|ARM.ActiveCfg = Release|Any CPU
		{607E6B39-3F25-485F-BD8C-D8571EE3DD98}.Release|ARM.Build.0 = Release|Any CPU
		{607E6B39-3F25-485F-BD8C-D8571EE3DD98}.Release|iPhone.ActiveCfg = Release|Any CPU
		{607E6B39-3F25-485F-BD8C-D8571EE3DD98}.Release|iPhone.Build.0 = Release|Any CPU
		{607E6B39-3F25-485F-BD8C-D8571EE3DD98}.Release|iPhoneSimulator.ActiveCfg = Release|Any CPU
		{607E6B39-3F25-485F-BD8C-D8571EE3DD98}.Release|iPhoneSimulator.Build.0 = Release|Any CPU
		{607E6B39-3F25-485F-BD8C-D8571EE3DD98}.Release|x64.ActiveCfg = Release|Any CPU
		{607E6B39-3F25-485F-BD8C-D8571EE3DD98}.Release|x64.Build.0 = Release|Any CPU
		{607E6B39-3F25-485F-BD8C-D8571EE3DD98}.Release|x86.ActiveCfg = Release|Any CPU
		{607E6B39-3F25-485F-BD8C-D8571EE3DD98}.Release|x86.Build.0 = Release|Any CPU
		{A7DD791E-E3BC-44A8-B1AA-3449B91C49B8}.Ad-Hoc|Any CPU.ActiveCfg = Ad-Hoc|iPhone
		{A7DD791E-E3BC-44A8-B1AA-3449B91C49B8}.Ad-Hoc|ARM.ActiveCfg = Ad-Hoc|iPhone
		{A7DD791E-E3BC-44A8-B1AA-3449B91C49B8}.Ad-Hoc|iPhone.ActiveCfg = Ad-Hoc|iPhone
		{A7DD791E-E3BC-44A8-B1AA-3449B91C49B8}.Ad-Hoc|iPhone.Build.0 = Ad-Hoc|iPhone
		{A7DD791E-E3BC-44A8-B1AA-3449B91C49B8}.Ad-Hoc|iPhoneSimulator.ActiveCfg = Ad-Hoc|iPhoneSimulator
		{A7DD791E-E3BC-44A8-B1AA-3449B91C49B8}.Ad-Hoc|iPhoneSimulator.Build.0 = Ad-Hoc|iPhoneSimulator
		{A7DD791E-E3BC-44A8-B1AA-3449B91C49B8}.Ad-Hoc|x64.ActiveCfg = Ad-Hoc|iPhone
		{A7DD791E-E3BC-44A8-B1AA-3449B91C49B8}.Ad-Hoc|x86.ActiveCfg = Ad-Hoc|iPhone
		{A7DD791E-E3BC-44A8-B1AA-3449B91C49B8}.AppStore|Any CPU.ActiveCfg = AppStore|iPhone
		{A7DD791E-E3BC-44A8-B1AA-3449B91C49B8}.AppStore|ARM.ActiveCfg = AppStore|iPhone
		{A7DD791E-E3BC-44A8-B1AA-3449B91C49B8}.AppStore|iPhone.ActiveCfg = AppStore|iPhone
		{A7DD791E-E3BC-44A8-B1AA-3449B91C49B8}.AppStore|iPhone.Build.0 = AppStore|iPhone
		{A7DD791E-E3BC-44A8-B1AA-3449B91C49B8}.AppStore|iPhoneSimulator.ActiveCfg = AppStore|iPhoneSimulator
		{A7DD791E-E3BC-44A8-B1AA-3449B91C49B8}.AppStore|iPhoneSimulator.Build.0 = AppStore|iPhoneSimulator
		{A7DD791E-E3BC-44A8-B1AA-3449B91C49B8}.AppStore|x64.ActiveCfg = AppStore|iPhone
		{A7DD791E-E3BC-44A8-B1AA-3449B91C49B8}.AppStore|x86.ActiveCfg = AppStore|iPhone
		{A7DD791E-E3BC-44A8-B1AA-3449B91C49B8}.Debug|Any CPU.ActiveCfg = Debug|iPhone
		{A7DD791E-E3BC-44A8-B1AA-3449B91C49B8}.Debug|ARM.ActiveCfg = Debug|iPhone
		{A7DD791E-E3BC-44A8-B1AA-3449B91C49B8}.Debug|iPhone.ActiveCfg = Debug|iPhone
		{A7DD791E-E3BC-44A8-B1AA-3449B91C49B8}.Debug|iPhone.Build.0 = Debug|iPhone
		{A7DD791E-E3BC-44A8-B1AA-3449B91C49B8}.Debug|iPhoneSimulator.ActiveCfg = Debug|iPhoneSimulator
		{A7DD791E-E3BC-44A8-B1AA-3449B91C49B8}.Debug|iPhoneSimulator.Build.0 = Debug|iPhoneSimulator
		{A7DD791E-E3BC-44A8-B1AA-3449B91C49B8}.Debug|x64.ActiveCfg = Debug|iPhone
		{A7DD791E-E3BC-44A8-B1AA-3449B91C49B8}.Debug|x86.ActiveCfg = Debug|iPhone
		{A7DD791E-E3BC-44A8-B1AA-3449B91C49B8}.Release|Any CPU.ActiveCfg = Release|iPhone
		{A7DD791E-E3BC-44A8-B1AA-3449B91C49B8}.Release|ARM.ActiveCfg = Release|iPhone
		{A7DD791E-E3BC-44A8-B1AA-3449B91C49B8}.Release|iPhone.ActiveCfg = Release|iPhone
		{A7DD791E-E3BC-44A8-B1AA-3449B91C49B8}.Release|iPhone.Build.0 = Release|iPhone
		{A7DD791E-E3BC-44A8-B1AA-3449B91C49B8}.Release|iPhoneSimulator.ActiveCfg = Release|iPhoneSimulator
		{A7DD791E-E3BC-44A8-B1AA-3449B91C49B8}.Release|iPhoneSimulator.Build.0 = Release|iPhoneSimulator
		{A7DD791E-E3BC-44A8-B1AA-3449B91C49B8}.Release|x64.ActiveCfg = Release|iPhone
		{A7DD791E-E3BC-44A8-B1AA-3449B91C49B8}.Release|x86.ActiveCfg = Release|iPhone
		{25D745C2-697D-4A61-8B9F-6464ACDDB7AD}.Ad-Hoc|Any CPU.ActiveCfg = Release|x86
		{25D745C2-697D-4A61-8B9F-6464ACDDB7AD}.Ad-Hoc|Any CPU.Build.0 = Release|x86
		{25D745C2-697D-4A61-8B9F-6464ACDDB7AD}.Ad-Hoc|Any CPU.Deploy.0 = Release|x86
		{25D745C2-697D-4A61-8B9F-6464ACDDB7AD}.Ad-Hoc|ARM.ActiveCfg = Release|ARM
		{25D745C2-697D-4A61-8B9F-6464ACDDB7AD}.Ad-Hoc|ARM.Build.0 = Release|ARM
		{25D745C2-697D-4A61-8B9F-6464ACDDB7AD}.Ad-Hoc|ARM.Deploy.0 = Release|ARM
		{25D745C2-697D-4A61-8B9F-6464ACDDB7AD}.Ad-Hoc|iPhone.ActiveCfg = Release|x86
		{25D745C2-697D-4A61-8B9F-6464ACDDB7AD}.Ad-Hoc|iPhone.Build.0 = Release|x86
		{25D745C2-697D-4A61-8B9F-6464ACDDB7AD}.Ad-Hoc|iPhone.Deploy.0 = Release|x86
		{25D745C2-697D-4A61-8B9F-6464ACDDB7AD}.Ad-Hoc|iPhoneSimulator.ActiveCfg = Release|x86
		{25D745C2-697D-4A61-8B9F-6464ACDDB7AD}.Ad-Hoc|iPhoneSimulator.Build.0 = Release|x86
		{25D745C2-697D-4A61-8B9F-6464ACDDB7AD}.Ad-Hoc|iPhoneSimulator.Deploy.0 = Release|x86
		{25D745C2-697D-4A61-8B9F-6464ACDDB7AD}.Ad-Hoc|x64.ActiveCfg = Release|x64
		{25D745C2-697D-4A61-8B9F-6464ACDDB7AD}.Ad-Hoc|x64.Build.0 = Release|x64
		{25D745C2-697D-4A61-8B9F-6464ACDDB7AD}.Ad-Hoc|x64.Deploy.0 = Release|x64
		{25D745C2-697D-4A61-8B9F-6464ACDDB7AD}.Ad-Hoc|x86.ActiveCfg = Release|x86
		{25D745C2-697D-4A61-8B9F-6464ACDDB7AD}.Ad-Hoc|x86.Build.0 = Release|x86
		{25D745C2-697D-4A61-8B9F-6464ACDDB7AD}.Ad-Hoc|x86.Deploy.0 = Release|x86
		{25D745C2-697D-4A61-8B9F-6464ACDDB7AD}.AppStore|Any CPU.ActiveCfg = Release|x86
		{25D745C2-697D-4A61-8B9F-6464ACDDB7AD}.AppStore|Any CPU.Build.0 = Release|x86
		{25D745C2-697D-4A61-8B9F-6464ACDDB7AD}.AppStore|Any CPU.Deploy.0 = Release|x86
		{25D745C2-697D-4A61-8B9F-6464ACDDB7AD}.AppStore|ARM.ActiveCfg = Release|ARM
		{25D745C2-697D-4A61-8B9F-6464ACDDB7AD}.AppStore|ARM.Build.0 = Release|ARM
		{25D745C2-697D-4A61-8B9F-6464ACDDB7AD}.AppStore|ARM.Deploy.0 = Release|ARM
		{25D745C2-697D-4A61-8B9F-6464ACDDB7AD}.AppStore|iPhone.ActiveCfg = Release|x86
		{25D745C2-697D-4A61-8B9F-6464ACDDB7AD}.AppStore|iPhone.Build.0 = Release|x86
		{25D745C2-697D-4A61-8B9F-6464ACDDB7AD}.AppStore|iPhone.Deploy.0 = Release|x86
		{25D745C2-697D-4A61-8B9F-6464ACDDB7AD}.AppStore|iPhoneSimulator.ActiveCfg = Release|x86
		{25D745C2-697D-4A61-8B9F-6464ACDDB7AD}.AppStore|iPhoneSimulator.Build.0 = Release|x86
		{25D745C2-697D-4A61-8B9F-6464ACDDB7AD}.AppStore|iPhoneSimulator.Deploy.0 = Release|x86
		{25D745C2-697D-4A61-8B9F-6464ACDDB7AD}.AppStore|x64.ActiveCfg = Release|x64
		{25D745C2-697D-4A61-8B9F-6464ACDDB7AD}.AppStore|x64.Build.0 = Release|x64
		{25D745C2-697D-4A61-8B9F-6464ACDDB7AD}.AppStore|x64.Deploy.0 = Release|x64
		{25D745C2-697D-4A61-8B9F-6464ACDDB7AD}.AppStore|x86.ActiveCfg = Release|x86
		{25D745C2-697D-4A61-8B9F-6464ACDDB7AD}.AppStore|x86.Build.0 = Release|x86
		{25D745C2-697D-4A61-8B9F-6464ACDDB7AD}.AppStore|x86.Deploy.0 = Release|x86
		{25D745C2-697D-4A61-8B9F-6464ACDDB7AD}.Debug|Any CPU.ActiveCfg = Debug|x86
		{25D745C2-697D-4A61-8B9F-6464ACDDB7AD}.Debug|ARM.ActiveCfg = Debug|ARM
		{25D745C2-697D-4A61-8B9F-6464ACDDB7AD}.Debug|ARM.Build.0 = Debug|ARM
		{25D745C2-697D-4A61-8B9F-6464ACDDB7AD}.Debug|ARM.Deploy.0 = Debug|ARM
		{25D745C2-697D-4A61-8B9F-6464ACDDB7AD}.Debug|iPhone.ActiveCfg = Debug|x86
		{25D745C2-697D-4A61-8B9F-6464ACDDB7AD}.Debug|iPhoneSimulator.ActiveCfg = Debug|x86
		{25D745C2-697D-4A61-8B9F-6464ACDDB7AD}.Debug|x64.ActiveCfg = Debug|x64
		{25D745C2-697D-4A61-8B9F-6464ACDDB7AD}.Debug|x64.Build.0 = Debug|x64
		{25D745C2-697D-4A61-8B9F-6464ACDDB7AD}.Debug|x64.Deploy.0 = Debug|x64
		{25D745C2-697D-4A61-8B9F-6464ACDDB7AD}.Debug|x86.ActiveCfg = Debug|x86
		{25D745C2-697D-4A61-8B9F-6464ACDDB7AD}.Debug|x86.Build.0 = Debug|x86
		{25D745C2-697D-4A61-8B9F-6464ACDDB7AD}.Debug|x86.Deploy.0 = Debug|x86
		{25D745C2-697D-4A61-8B9F-6464ACDDB7AD}.Release|Any CPU.ActiveCfg = Release|x86
		{25D745C2-697D-4A61-8B9F-6464ACDDB7AD}.Release|ARM.ActiveCfg = Release|ARM
		{25D745C2-697D-4A61-8B9F-6464ACDDB7AD}.Release|ARM.Build.0 = Release|ARM
		{25D745C2-697D-4A61-8B9F-6464ACDDB7AD}.Release|ARM.Deploy.0 = Release|ARM
		{25D745C2-697D-4A61-8B9F-6464ACDDB7AD}.Release|iPhone.ActiveCfg = Release|x86
		{25D745C2-697D-4A61-8B9F-6464ACDDB7AD}.Release|iPhoneSimulator.ActiveCfg = Release|x86
		{25D745C2-697D-4A61-8B9F-6464ACDDB7AD}.Release|x64.ActiveCfg = Release|x64
		{25D745C2-697D-4A61-8B9F-6464ACDDB7AD}.Release|x64.Build.0 = Release|x64
		{25D745C2-697D-4A61-8B9F-6464ACDDB7AD}.Release|x64.Deploy.0 = Release|x64
		{25D745C2-697D-4A61-8B9F-6464ACDDB7AD}.Release|x86.ActiveCfg = Release|x86
		{25D745C2-697D-4A61-8B9F-6464ACDDB7AD}.Release|x86.Build.0 = Release|x86
		{25D745C2-697D-4A61-8B9F-6464ACDDB7AD}.Release|x86.Deploy.0 = Release|x86
		{334EE99B-2F6B-4302-93F5-B89AA78397F9}.Ad-Hoc|Any CPU.ActiveCfg = Release|Any CPU
		{334EE99B-2F6B-4302-93F5-B89AA78397F9}.Ad-Hoc|Any CPU.Build.0 = Release|Any CPU
		{334EE99B-2F6B-4302-93F5-B89AA78397F9}.Ad-Hoc|ARM.ActiveCfg = Release|Any CPU
		{334EE99B-2F6B-4302-93F5-B89AA78397F9}.Ad-Hoc|ARM.Build.0 = Release|Any CPU
		{334EE99B-2F6B-4302-93F5-B89AA78397F9}.Ad-Hoc|iPhone.ActiveCfg = Release|Any CPU
		{334EE99B-2F6B-4302-93F5-B89AA78397F9}.Ad-Hoc|iPhone.Build.0 = Release|Any CPU
		{334EE99B-2F6B-4302-93F5-B89AA78397F9}.Ad-Hoc|iPhoneSimulator.ActiveCfg = Release|Any CPU
		{334EE99B-2F6B-4302-93F5-B89AA78397F9}.Ad-Hoc|iPhoneSimulator.Build.0 = Release|Any CPU
		{334EE99B-2F6B-4302-93F5-B89AA78397F9}.Ad-Hoc|x64.ActiveCfg = Release|Any CPU
		{334EE99B-2F6B-4302-93F5-B89AA78397F9}.Ad-Hoc|x64.Build.0 = Release|Any CPU
		{334EE99B-2F6B-4302-93F5-B89AA78397F9}.Ad-Hoc|x86.ActiveCfg = Release|Any CPU
		{334EE99B-2F6B-4302-93F5-B89AA78397F9}.Ad-Hoc|x86.Build.0 = Release|Any CPU
		{334EE99B-2F6B-4302-93F5-B89AA78397F9}.AppStore|Any CPU.ActiveCfg = Release|Any CPU
		{334EE99B-2F6B-4302-93F5-B89AA78397F9}.AppStore|Any CPU.Build.0 = Release|Any CPU
		{334EE99B-2F6B-4302-93F5-B89AA78397F9}.AppStore|ARM.ActiveCfg = Release|Any CPU
		{334EE99B-2F6B-4302-93F5-B89AA78397F9}.AppStore|ARM.Build.0 = Release|Any CPU
		{334EE99B-2F6B-4302-93F5-B89AA78397F9}.AppStore|iPhone.ActiveCfg = Release|Any CPU
		{334EE99B-2F6B-4302-93F5-B89AA78397F9}.AppStore|iPhone.Build.0 = Release|Any CPU
		{334EE99B-2F6B-4302-93F5-B89AA78397F9}.AppStore|iPhoneSimulator.ActiveCfg = Release|Any CPU
		{334EE99B-2F6B-4302-93F5-B89AA78397F9}.AppStore|iPhoneSimulator.Build.0 = Release|Any CPU
		{334EE99B-2F6B-4302-93F5-B89AA78397F9}.AppStore|x64.ActiveCfg = Release|Any CPU
		{334EE99B-2F6B-4302-93F5-B89AA78397F9}.AppStore|x64.Build.0 = Release|Any CPU
		{334EE99B-2F6B-4302-93F5-B89AA78397F9}.AppStore|x86.ActiveCfg = Release|Any CPU
		{334EE99B-2F6B-4302-93F5-B89AA78397F9}.AppStore|x86.Build.0 = Release|Any CPU
		{334EE99B-2F6B-4302-93F5-B89AA78397F9}.Debug|Any CPU.ActiveCfg = Debug|Any CPU
		{334EE99B-2F6B-4302-93F5-B89AA78397F9}.Debug|Any CPU.Build.0 = Debug|Any CPU
		{334EE99B-2F6B-4302-93F5-B89AA78397F9}.Debug|ARM.ActiveCfg = Debug|Any CPU
		{334EE99B-2F6B-4302-93F5-B89AA78397F9}.Debug|ARM.Build.0 = Debug|Any CPU
		{334EE99B-2F6B-4302-93F5-B89AA78397F9}.Debug|iPhone.ActiveCfg = Debug|Any CPU
		{334EE99B-2F6B-4302-93F5-B89AA78397F9}.Debug|iPhone.Build.0 = Debug|Any CPU
		{334EE99B-2F6B-4302-93F5-B89AA78397F9}.Debug|iPhoneSimulator.ActiveCfg = Debug|Any CPU
		{334EE99B-2F6B-4302-93F5-B89AA78397F9}.Debug|iPhoneSimulator.Build.0 = Debug|Any CPU
		{334EE99B-2F6B-4302-93F5-B89AA78397F9}.Debug|x64.ActiveCfg = Debug|Any CPU
		{334EE99B-2F6B-4302-93F5-B89AA78397F9}.Debug|x64.Build.0 = Debug|Any CPU
		{334EE99B-2F6B-4302-93F5-B89AA78397F9}.Debug|x86.ActiveCfg = Debug|Any CPU
		{334EE99B-2F6B-4302-93F5-B89AA78397F9}.Debug|x86.Build.0 = Debug|Any CPU
		{334EE99B-2F6B-4302-93F5-B89AA78397F9}.Release|Any CPU.ActiveCfg = Release|Any CPU
		{334EE99B-2F6B-4302-93F5-B89AA78397F9}.Release|Any CPU.Build.0 = Release|Any CPU
		{334EE99B-2F6B-4302-93F5-B89AA78397F9}.Release|ARM.ActiveCfg = Release|Any CPU
		{334EE99B-2F6B-4302-93F5-B89AA78397F9}.Release|ARM.Build.0 = Release|Any CPU
		{334EE99B-2F6B-4302-93F5-B89AA78397F9}.Release|iPhone.ActiveCfg = Release|Any CPU
		{334EE99B-2F6B-4302-93F5-B89AA78397F9}.Release|iPhone.Build.0 = Release|Any CPU
		{334EE99B-2F6B-4302-93F5-B89AA78397F9}.Release|iPhoneSimulator.ActiveCfg = Release|Any CPU
		{334EE99B-2F6B-4302-93F5-B89AA78397F9}.Release|iPhoneSimulator.Build.0 = Release|Any CPU
		{334EE99B-2F6B-4302-93F5-B89AA78397F9}.Release|x64.ActiveCfg = Release|Any CPU
		{334EE99B-2F6B-4302-93F5-B89AA78397F9}.Release|x64.Build.0 = Release|Any CPU
		{334EE99B-2F6B-4302-93F5-B89AA78397F9}.Release|x86.ActiveCfg = Release|Any CPU
		{334EE99B-2F6B-4302-93F5-B89AA78397F9}.Release|x86.Build.0 = Release|Any CPU
		{B72DB6D2-FA91-4858-A44A-B0D2F46D77BF}.Ad-Hoc|Any CPU.ActiveCfg = Release|Any CPU
		{B72DB6D2-FA91-4858-A44A-B0D2F46D77BF}.Ad-Hoc|Any CPU.Build.0 = Release|Any CPU
		{B72DB6D2-FA91-4858-A44A-B0D2F46D77BF}.Ad-Hoc|ARM.ActiveCfg = Release|Any CPU
		{B72DB6D2-FA91-4858-A44A-B0D2F46D77BF}.Ad-Hoc|ARM.Build.0 = Release|Any CPU
		{B72DB6D2-FA91-4858-A44A-B0D2F46D77BF}.Ad-Hoc|iPhone.ActiveCfg = Release|Any CPU
		{B72DB6D2-FA91-4858-A44A-B0D2F46D77BF}.Ad-Hoc|iPhone.Build.0 = Release|Any CPU
		{B72DB6D2-FA91-4858-A44A-B0D2F46D77BF}.Ad-Hoc|iPhoneSimulator.ActiveCfg = Release|Any CPU
		{B72DB6D2-FA91-4858-A44A-B0D2F46D77BF}.Ad-Hoc|iPhoneSimulator.Build.0 = Release|Any CPU
		{B72DB6D2-FA91-4858-A44A-B0D2F46D77BF}.Ad-Hoc|x64.ActiveCfg = Release|Any CPU
		{B72DB6D2-FA91-4858-A44A-B0D2F46D77BF}.Ad-Hoc|x64.Build.0 = Release|Any CPU
		{B72DB6D2-FA91-4858-A44A-B0D2F46D77BF}.Ad-Hoc|x86.ActiveCfg = Release|Any CPU
		{B72DB6D2-FA91-4858-A44A-B0D2F46D77BF}.Ad-Hoc|x86.Build.0 = Release|Any CPU
		{B72DB6D2-FA91-4858-A44A-B0D2F46D77BF}.AppStore|Any CPU.ActiveCfg = Release|Any CPU
		{B72DB6D2-FA91-4858-A44A-B0D2F46D77BF}.AppStore|Any CPU.Build.0 = Release|Any CPU
		{B72DB6D2-FA91-4858-A44A-B0D2F46D77BF}.AppStore|ARM.ActiveCfg = Release|Any CPU
		{B72DB6D2-FA91-4858-A44A-B0D2F46D77BF}.AppStore|ARM.Build.0 = Release|Any CPU
		{B72DB6D2-FA91-4858-A44A-B0D2F46D77BF}.AppStore|iPhone.ActiveCfg = Release|Any CPU
		{B72DB6D2-FA91-4858-A44A-B0D2F46D77BF}.AppStore|iPhone.Build.0 = Release|Any CPU
		{B72DB6D2-FA91-4858-A44A-B0D2F46D77BF}.AppStore|iPhoneSimulator.ActiveCfg = Release|Any CPU
		{B72DB6D2-FA91-4858-A44A-B0D2F46D77BF}.AppStore|iPhoneSimulator.Build.0 = Release|Any CPU
		{B72DB6D2-FA91-4858-A44A-B0D2F46D77BF}.AppStore|x64.ActiveCfg = Release|Any CPU
		{B72DB6D2-FA91-4858-A44A-B0D2F46D77BF}.AppStore|x64.Build.0 = Release|Any CPU
		{B72DB6D2-FA91-4858-A44A-B0D2F46D77BF}.AppStore|x86.ActiveCfg = Release|Any CPU
		{B72DB6D2-FA91-4858-A44A-B0D2F46D77BF}.AppStore|x86.Build.0 = Release|Any CPU
		{B72DB6D2-FA91-4858-A44A-B0D2F46D77BF}.Debug|Any CPU.ActiveCfg = Debug|Any CPU
		{B72DB6D2-FA91-4858-A44A-B0D2F46D77BF}.Debug|Any CPU.Build.0 = Debug|Any CPU
		{B72DB6D2-FA91-4858-A44A-B0D2F46D77BF}.Debug|ARM.ActiveCfg = Debug|Any CPU
		{B72DB6D2-FA91-4858-A44A-B0D2F46D77BF}.Debug|ARM.Build.0 = Debug|Any CPU
		{B72DB6D2-FA91-4858-A44A-B0D2F46D77BF}.Debug|iPhone.ActiveCfg = Debug|Any CPU
		{B72DB6D2-FA91-4858-A44A-B0D2F46D77BF}.Debug|iPhone.Build.0 = Debug|Any CPU
		{B72DB6D2-FA91-4858-A44A-B0D2F46D77BF}.Debug|iPhoneSimulator.ActiveCfg = Debug|Any CPU
		{B72DB6D2-FA91-4858-A44A-B0D2F46D77BF}.Debug|iPhoneSimulator.Build.0 = Debug|Any CPU
		{B72DB6D2-FA91-4858-A44A-B0D2F46D77BF}.Debug|x64.ActiveCfg = Debug|Any CPU
		{B72DB6D2-FA91-4858-A44A-B0D2F46D77BF}.Debug|x64.Build.0 = Debug|Any CPU
		{B72DB6D2-FA91-4858-A44A-B0D2F46D77BF}.Debug|x86.ActiveCfg = Debug|Any CPU
		{B72DB6D2-FA91-4858-A44A-B0D2F46D77BF}.Debug|x86.Build.0 = Debug|Any CPU
		{B72DB6D2-FA91-4858-A44A-B0D2F46D77BF}.Release|Any CPU.ActiveCfg = Release|Any CPU
		{B72DB6D2-FA91-4858-A44A-B0D2F46D77BF}.Release|Any CPU.Build.0 = Release|Any CPU
		{B72DB6D2-FA91-4858-A44A-B0D2F46D77BF}.Release|ARM.ActiveCfg = Release|Any CPU
		{B72DB6D2-FA91-4858-A44A-B0D2F46D77BF}.Release|ARM.Build.0 = Release|Any CPU
		{B72DB6D2-FA91-4858-A44A-B0D2F46D77BF}.Release|iPhone.ActiveCfg = Release|Any CPU
		{B72DB6D2-FA91-4858-A44A-B0D2F46D77BF}.Release|iPhone.Build.0 = Release|Any CPU
		{B72DB6D2-FA91-4858-A44A-B0D2F46D77BF}.Release|iPhoneSimulator.ActiveCfg = Release|Any CPU
		{B72DB6D2-FA91-4858-A44A-B0D2F46D77BF}.Release|iPhoneSimulator.Build.0 = Release|Any CPU
		{B72DB6D2-FA91-4858-A44A-B0D2F46D77BF}.Release|x64.ActiveCfg = Release|Any CPU
		{B72DB6D2-FA91-4858-A44A-B0D2F46D77BF}.Release|x64.Build.0 = Release|Any CPU
		{B72DB6D2-FA91-4858-A44A-B0D2F46D77BF}.Release|x86.ActiveCfg = Release|Any CPU
		{B72DB6D2-FA91-4858-A44A-B0D2F46D77BF}.Release|x86.Build.0 = Release|Any CPU
		{0C66AB30-0888-4C73-9CE6-EE31DA3E3E69}.Ad-Hoc|Any CPU.ActiveCfg = Release|Any CPU
		{0C66AB30-0888-4C73-9CE6-EE31DA3E3E69}.Ad-Hoc|Any CPU.Build.0 = Release|Any CPU
		{0C66AB30-0888-4C73-9CE6-EE31DA3E3E69}.Ad-Hoc|ARM.ActiveCfg = Release|Any CPU
		{0C66AB30-0888-4C73-9CE6-EE31DA3E3E69}.Ad-Hoc|ARM.Build.0 = Release|Any CPU
		{0C66AB30-0888-4C73-9CE6-EE31DA3E3E69}.Ad-Hoc|iPhone.ActiveCfg = Release|Any CPU
		{0C66AB30-0888-4C73-9CE6-EE31DA3E3E69}.Ad-Hoc|iPhone.Build.0 = Release|Any CPU
		{0C66AB30-0888-4C73-9CE6-EE31DA3E3E69}.Ad-Hoc|iPhoneSimulator.ActiveCfg = Release|Any CPU
		{0C66AB30-0888-4C73-9CE6-EE31DA3E3E69}.Ad-Hoc|iPhoneSimulator.Build.0 = Release|Any CPU
		{0C66AB30-0888-4C73-9CE6-EE31DA3E3E69}.Ad-Hoc|x64.ActiveCfg = Release|Any CPU
		{0C66AB30-0888-4C73-9CE6-EE31DA3E3E69}.Ad-Hoc|x64.Build.0 = Release|Any CPU
		{0C66AB30-0888-4C73-9CE6-EE31DA3E3E69}.Ad-Hoc|x86.ActiveCfg = Release|Any CPU
		{0C66AB30-0888-4C73-9CE6-EE31DA3E3E69}.Ad-Hoc|x86.Build.0 = Release|Any CPU
		{0C66AB30-0888-4C73-9CE6-EE31DA3E3E69}.AppStore|Any CPU.ActiveCfg = Release|Any CPU
		{0C66AB30-0888-4C73-9CE6-EE31DA3E3E69}.AppStore|Any CPU.Build.0 = Release|Any CPU
		{0C66AB30-0888-4C73-9CE6-EE31DA3E3E69}.AppStore|ARM.ActiveCfg = Release|Any CPU
		{0C66AB30-0888-4C73-9CE6-EE31DA3E3E69}.AppStore|ARM.Build.0 = Release|Any CPU
		{0C66AB30-0888-4C73-9CE6-EE31DA3E3E69}.AppStore|iPhone.ActiveCfg = Release|Any CPU
		{0C66AB30-0888-4C73-9CE6-EE31DA3E3E69}.AppStore|iPhone.Build.0 = Release|Any CPU
		{0C66AB30-0888-4C73-9CE6-EE31DA3E3E69}.AppStore|iPhoneSimulator.ActiveCfg = Release|Any CPU
		{0C66AB30-0888-4C73-9CE6-EE31DA3E3E69}.AppStore|iPhoneSimulator.Build.0 = Release|Any CPU
		{0C66AB30-0888-4C73-9CE6-EE31DA3E3E69}.AppStore|x64.ActiveCfg = Release|Any CPU
		{0C66AB30-0888-4C73-9CE6-EE31DA3E3E69}.AppStore|x64.Build.0 = Release|Any CPU
		{0C66AB30-0888-4C73-9CE6-EE31DA3E3E69}.AppStore|x86.ActiveCfg = Release|Any CPU
		{0C66AB30-0888-4C73-9CE6-EE31DA3E3E69}.AppStore|x86.Build.0 = Release|Any CPU
		{0C66AB30-0888-4C73-9CE6-EE31DA3E3E69}.Debug|Any CPU.ActiveCfg = Debug|Any CPU
		{0C66AB30-0888-4C73-9CE6-EE31DA3E3E69}.Debug|Any CPU.Build.0 = Debug|Any CPU
		{0C66AB30-0888-4C73-9CE6-EE31DA3E3E69}.Debug|Any CPU.Deploy.0 = Debug|Any CPU
		{0C66AB30-0888-4C73-9CE6-EE31DA3E3E69}.Debug|ARM.ActiveCfg = Debug|Any CPU
		{0C66AB30-0888-4C73-9CE6-EE31DA3E3E69}.Debug|ARM.Build.0 = Debug|Any CPU
		{0C66AB30-0888-4C73-9CE6-EE31DA3E3E69}.Debug|iPhone.ActiveCfg = Debug|Any CPU
		{0C66AB30-0888-4C73-9CE6-EE31DA3E3E69}.Debug|iPhone.Build.0 = Debug|Any CPU
		{0C66AB30-0888-4C73-9CE6-EE31DA3E3E69}.Debug|iPhoneSimulator.ActiveCfg = Debug|Any CPU
		{0C66AB30-0888-4C73-9CE6-EE31DA3E3E69}.Debug|iPhoneSimulator.Build.0 = Debug|Any CPU
		{0C66AB30-0888-4C73-9CE6-EE31DA3E3E69}.Debug|x64.ActiveCfg = Debug|Any CPU
		{0C66AB30-0888-4C73-9CE6-EE31DA3E3E69}.Debug|x64.Build.0 = Debug|Any CPU
		{0C66AB30-0888-4C73-9CE6-EE31DA3E3E69}.Debug|x86.ActiveCfg = Debug|Any CPU
		{0C66AB30-0888-4C73-9CE6-EE31DA3E3E69}.Debug|x86.Build.0 = Debug|Any CPU
		{0C66AB30-0888-4C73-9CE6-EE31DA3E3E69}.Release|Any CPU.ActiveCfg = Release|Any CPU
		{0C66AB30-0888-4C73-9CE6-EE31DA3E3E69}.Release|Any CPU.Build.0 = Release|Any CPU
		{0C66AB30-0888-4C73-9CE6-EE31DA3E3E69}.Release|Any CPU.Deploy.0 = Release|Any CPU
		{0C66AB30-0888-4C73-9CE6-EE31DA3E3E69}.Release|ARM.ActiveCfg = Release|Any CPU
		{0C66AB30-0888-4C73-9CE6-EE31DA3E3E69}.Release|ARM.Build.0 = Release|Any CPU
		{0C66AB30-0888-4C73-9CE6-EE31DA3E3E69}.Release|iPhone.ActiveCfg = Release|Any CPU
		{0C66AB30-0888-4C73-9CE6-EE31DA3E3E69}.Release|iPhone.Build.0 = Release|Any CPU
		{0C66AB30-0888-4C73-9CE6-EE31DA3E3E69}.Release|iPhoneSimulator.ActiveCfg = Release|Any CPU
		{0C66AB30-0888-4C73-9CE6-EE31DA3E3E69}.Release|iPhoneSimulator.Build.0 = Release|Any CPU
		{0C66AB30-0888-4C73-9CE6-EE31DA3E3E69}.Release|x64.ActiveCfg = Release|Any CPU
		{0C66AB30-0888-4C73-9CE6-EE31DA3E3E69}.Release|x64.Build.0 = Release|Any CPU
		{0C66AB30-0888-4C73-9CE6-EE31DA3E3E69}.Release|x86.ActiveCfg = Release|Any CPU
		{0C66AB30-0888-4C73-9CE6-EE31DA3E3E69}.Release|x86.Build.0 = Release|Any CPU
		{7254438B-8191-4A4C-8BDE-FB3A8733E6C9}.Ad-Hoc|Any CPU.ActiveCfg = Release|Any CPU
		{7254438B-8191-4A4C-8BDE-FB3A8733E6C9}.Ad-Hoc|Any CPU.Build.0 = Release|Any CPU
		{7254438B-8191-4A4C-8BDE-FB3A8733E6C9}.Ad-Hoc|ARM.ActiveCfg = Release|Any CPU
		{7254438B-8191-4A4C-8BDE-FB3A8733E6C9}.Ad-Hoc|ARM.Build.0 = Release|Any CPU
		{7254438B-8191-4A4C-8BDE-FB3A8733E6C9}.Ad-Hoc|iPhone.ActiveCfg = Release|Any CPU
		{7254438B-8191-4A4C-8BDE-FB3A8733E6C9}.Ad-Hoc|iPhone.Build.0 = Release|Any CPU
		{7254438B-8191-4A4C-8BDE-FB3A8733E6C9}.Ad-Hoc|iPhoneSimulator.ActiveCfg = Release|Any CPU
		{7254438B-8191-4A4C-8BDE-FB3A8733E6C9}.Ad-Hoc|iPhoneSimulator.Build.0 = Release|Any CPU
		{7254438B-8191-4A4C-8BDE-FB3A8733E6C9}.Ad-Hoc|x64.ActiveCfg = Release|Any CPU
		{7254438B-8191-4A4C-8BDE-FB3A8733E6C9}.Ad-Hoc|x64.Build.0 = Release|Any CPU
		{7254438B-8191-4A4C-8BDE-FB3A8733E6C9}.Ad-Hoc|x86.ActiveCfg = Release|Any CPU
		{7254438B-8191-4A4C-8BDE-FB3A8733E6C9}.Ad-Hoc|x86.Build.0 = Release|Any CPU
		{7254438B-8191-4A4C-8BDE-FB3A8733E6C9}.AppStore|Any CPU.ActiveCfg = Release|Any CPU
		{7254438B-8191-4A4C-8BDE-FB3A8733E6C9}.AppStore|Any CPU.Build.0 = Release|Any CPU
		{7254438B-8191-4A4C-8BDE-FB3A8733E6C9}.AppStore|ARM.ActiveCfg = Release|Any CPU
		{7254438B-8191-4A4C-8BDE-FB3A8733E6C9}.AppStore|ARM.Build.0 = Release|Any CPU
		{7254438B-8191-4A4C-8BDE-FB3A8733E6C9}.AppStore|iPhone.ActiveCfg = Release|Any CPU
		{7254438B-8191-4A4C-8BDE-FB3A8733E6C9}.AppStore|iPhone.Build.0 = Release|Any CPU
		{7254438B-8191-4A4C-8BDE-FB3A8733E6C9}.AppStore|iPhoneSimulator.ActiveCfg = Release|Any CPU
		{7254438B-8191-4A4C-8BDE-FB3A8733E6C9}.AppStore|iPhoneSimulator.Build.0 = Release|Any CPU
		{7254438B-8191-4A4C-8BDE-FB3A8733E6C9}.AppStore|x64.ActiveCfg = Release|Any CPU
		{7254438B-8191-4A4C-8BDE-FB3A8733E6C9}.AppStore|x64.Build.0 = Release|Any CPU
		{7254438B-8191-4A4C-8BDE-FB3A8733E6C9}.AppStore|x86.ActiveCfg = Release|Any CPU
		{7254438B-8191-4A4C-8BDE-FB3A8733E6C9}.AppStore|x86.Build.0 = Release|Any CPU
		{7254438B-8191-4A4C-8BDE-FB3A8733E6C9}.Debug|Any CPU.ActiveCfg = Debug|Any CPU
		{7254438B-8191-4A4C-8BDE-FB3A8733E6C9}.Debug|Any CPU.Build.0 = Debug|Any CPU
		{7254438B-8191-4A4C-8BDE-FB3A8733E6C9}.Debug|ARM.ActiveCfg = Debug|Any CPU
		{7254438B-8191-4A4C-8BDE-FB3A8733E6C9}.Debug|ARM.Build.0 = Debug|Any CPU
		{7254438B-8191-4A4C-8BDE-FB3A8733E6C9}.Debug|iPhone.ActiveCfg = Debug|Any CPU
		{7254438B-8191-4A4C-8BDE-FB3A8733E6C9}.Debug|iPhone.Build.0 = Debug|Any CPU
		{7254438B-8191-4A4C-8BDE-FB3A8733E6C9}.Debug|iPhoneSimulator.ActiveCfg = Debug|Any CPU
		{7254438B-8191-4A4C-8BDE-FB3A8733E6C9}.Debug|iPhoneSimulator.Build.0 = Debug|Any CPU
		{7254438B-8191-4A4C-8BDE-FB3A8733E6C9}.Debug|x64.ActiveCfg = Debug|Any CPU
		{7254438B-8191-4A4C-8BDE-FB3A8733E6C9}.Debug|x64.Build.0 = Debug|Any CPU
		{7254438B-8191-4A4C-8BDE-FB3A8733E6C9}.Debug|x86.ActiveCfg = Debug|Any CPU
		{7254438B-8191-4A4C-8BDE-FB3A8733E6C9}.Debug|x86.Build.0 = Debug|Any CPU
		{7254438B-8191-4A4C-8BDE-FB3A8733E6C9}.Release|Any CPU.ActiveCfg = Release|Any CPU
		{7254438B-8191-4A4C-8BDE-FB3A8733E6C9}.Release|Any CPU.Build.0 = Release|Any CPU
		{7254438B-8191-4A4C-8BDE-FB3A8733E6C9}.Release|ARM.ActiveCfg = Release|Any CPU
		{7254438B-8191-4A4C-8BDE-FB3A8733E6C9}.Release|ARM.Build.0 = Release|Any CPU
		{7254438B-8191-4A4C-8BDE-FB3A8733E6C9}.Release|iPhone.ActiveCfg = Release|Any CPU
		{7254438B-8191-4A4C-8BDE-FB3A8733E6C9}.Release|iPhone.Build.0 = Release|Any CPU
		{7254438B-8191-4A4C-8BDE-FB3A8733E6C9}.Release|iPhoneSimulator.ActiveCfg = Release|Any CPU
		{7254438B-8191-4A4C-8BDE-FB3A8733E6C9}.Release|iPhoneSimulator.Build.0 = Release|Any CPU
		{7254438B-8191-4A4C-8BDE-FB3A8733E6C9}.Release|x64.ActiveCfg = Release|Any CPU
		{7254438B-8191-4A4C-8BDE-FB3A8733E6C9}.Release|x64.Build.0 = Release|Any CPU
		{7254438B-8191-4A4C-8BDE-FB3A8733E6C9}.Release|x86.ActiveCfg = Release|Any CPU
		{7254438B-8191-4A4C-8BDE-FB3A8733E6C9}.Release|x86.Build.0 = Release|Any CPU
		{A4C38828-CFBE-4EB4-B671-63919DE187FC}.Ad-Hoc|Any CPU.ActiveCfg = Release|x64
		{A4C38828-CFBE-4EB4-B671-63919DE187FC}.Ad-Hoc|Any CPU.Build.0 = Release|x64
		{A4C38828-CFBE-4EB4-B671-63919DE187FC}.Ad-Hoc|Any CPU.Deploy.0 = Release|x64
		{A4C38828-CFBE-4EB4-B671-63919DE187FC}.Ad-Hoc|ARM.ActiveCfg = Release|ARM
		{A4C38828-CFBE-4EB4-B671-63919DE187FC}.Ad-Hoc|ARM.Build.0 = Release|ARM
		{A4C38828-CFBE-4EB4-B671-63919DE187FC}.Ad-Hoc|ARM.Deploy.0 = Release|ARM
		{A4C38828-CFBE-4EB4-B671-63919DE187FC}.Ad-Hoc|ARM64.ActiveCfg = Release|ARM64
		{A4C38828-CFBE-4EB4-B671-63919DE187FC}.Ad-Hoc|ARM64.Build.0 = Release|ARM64
		{A4C38828-CFBE-4EB4-B671-63919DE187FC}.Ad-Hoc|ARM64.Deploy.0 = Release|ARM64
		{A4C38828-CFBE-4EB4-B671-63919DE187FC}.Ad-Hoc|iPhone.ActiveCfg = Release|x64
		{A4C38828-CFBE-4EB4-B671-63919DE187FC}.Ad-Hoc|iPhone.Build.0 = Release|x64
		{A4C38828-CFBE-4EB4-B671-63919DE187FC}.Ad-Hoc|iPhone.Deploy.0 = Release|x64
		{A4C38828-CFBE-4EB4-B671-63919DE187FC}.Ad-Hoc|iPhoneSimulator.ActiveCfg = Release|x64
		{A4C38828-CFBE-4EB4-B671-63919DE187FC}.Ad-Hoc|iPhoneSimulator.Build.0 = Release|x64
		{A4C38828-CFBE-4EB4-B671-63919DE187FC}.Ad-Hoc|iPhoneSimulator.Deploy.0 = Release|x64
		{A4C38828-CFBE-4EB4-B671-63919DE187FC}.Ad-Hoc|x64.ActiveCfg = Release|x64
		{A4C38828-CFBE-4EB4-B671-63919DE187FC}.Ad-Hoc|x64.Build.0 = Release|x64
		{A4C38828-CFBE-4EB4-B671-63919DE187FC}.Ad-Hoc|x64.Deploy.0 = Release|x64
		{A4C38828-CFBE-4EB4-B671-63919DE187FC}.Ad-Hoc|x86.ActiveCfg = Release|x86
		{A4C38828-CFBE-4EB4-B671-63919DE187FC}.Ad-Hoc|x86.Build.0 = Release|x86
		{A4C38828-CFBE-4EB4-B671-63919DE187FC}.Ad-Hoc|x86.Deploy.0 = Release|x86
		{A4C38828-CFBE-4EB4-B671-63919DE187FC}.AppStore|Any CPU.ActiveCfg = Release|x64
		{A4C38828-CFBE-4EB4-B671-63919DE187FC}.AppStore|Any CPU.Build.0 = Release|x64
		{A4C38828-CFBE-4EB4-B671-63919DE187FC}.AppStore|Any CPU.Deploy.0 = Release|x64
		{A4C38828-CFBE-4EB4-B671-63919DE187FC}.AppStore|ARM.ActiveCfg = Release|ARM
		{A4C38828-CFBE-4EB4-B671-63919DE187FC}.AppStore|ARM.Build.0 = Release|ARM
		{A4C38828-CFBE-4EB4-B671-63919DE187FC}.AppStore|ARM.Deploy.0 = Release|ARM
		{A4C38828-CFBE-4EB4-B671-63919DE187FC}.AppStore|ARM64.ActiveCfg = Release|ARM64
		{A4C38828-CFBE-4EB4-B671-63919DE187FC}.AppStore|ARM64.Build.0 = Release|ARM64
		{A4C38828-CFBE-4EB4-B671-63919DE187FC}.AppStore|ARM64.Deploy.0 = Release|ARM64
		{A4C38828-CFBE-4EB4-B671-63919DE187FC}.AppStore|iPhone.ActiveCfg = Release|x64
		{A4C38828-CFBE-4EB4-B671-63919DE187FC}.AppStore|iPhone.Build.0 = Release|x64
		{A4C38828-CFBE-4EB4-B671-63919DE187FC}.AppStore|iPhone.Deploy.0 = Release|x64
		{A4C38828-CFBE-4EB4-B671-63919DE187FC}.AppStore|iPhoneSimulator.ActiveCfg = Release|x64
		{A4C38828-CFBE-4EB4-B671-63919DE187FC}.AppStore|iPhoneSimulator.Build.0 = Release|x64
		{A4C38828-CFBE-4EB4-B671-63919DE187FC}.AppStore|iPhoneSimulator.Deploy.0 = Release|x64
		{A4C38828-CFBE-4EB4-B671-63919DE187FC}.AppStore|x64.ActiveCfg = Release|x64
		{A4C38828-CFBE-4EB4-B671-63919DE187FC}.AppStore|x64.Build.0 = Release|x64
		{A4C38828-CFBE-4EB4-B671-63919DE187FC}.AppStore|x64.Deploy.0 = Release|x64
		{A4C38828-CFBE-4EB4-B671-63919DE187FC}.AppStore|x86.ActiveCfg = Release|x86
		{A4C38828-CFBE-4EB4-B671-63919DE187FC}.AppStore|x86.Build.0 = Release|x86
		{A4C38828-CFBE-4EB4-B671-63919DE187FC}.AppStore|x86.Deploy.0 = Release|x86
		{A4C38828-CFBE-4EB4-B671-63919DE187FC}.Debug|Any CPU.ActiveCfg = Debug|x86
		{A4C38828-CFBE-4EB4-B671-63919DE187FC}.Debug|ARM.ActiveCfg = Debug|ARM
		{A4C38828-CFBE-4EB4-B671-63919DE187FC}.Debug|ARM.Build.0 = Debug|ARM
		{A4C38828-CFBE-4EB4-B671-63919DE187FC}.Debug|ARM.Deploy.0 = Debug|ARM
		{A4C38828-CFBE-4EB4-B671-63919DE187FC}.Debug|ARM64.ActiveCfg = Debug|ARM64
		{A4C38828-CFBE-4EB4-B671-63919DE187FC}.Debug|ARM64.Build.0 = Debug|ARM64
		{A4C38828-CFBE-4EB4-B671-63919DE187FC}.Debug|ARM64.Deploy.0 = Debug|ARM64
		{A4C38828-CFBE-4EB4-B671-63919DE187FC}.Debug|iPhone.ActiveCfg = Debug|x86
		{A4C38828-CFBE-4EB4-B671-63919DE187FC}.Debug|iPhoneSimulator.ActiveCfg = Debug|x86
		{A4C38828-CFBE-4EB4-B671-63919DE187FC}.Debug|x64.ActiveCfg = Debug|x64
		{A4C38828-CFBE-4EB4-B671-63919DE187FC}.Debug|x64.Build.0 = Debug|x64
		{A4C38828-CFBE-4EB4-B671-63919DE187FC}.Debug|x64.Deploy.0 = Debug|x64
		{A4C38828-CFBE-4EB4-B671-63919DE187FC}.Debug|x86.ActiveCfg = Debug|x86
		{A4C38828-CFBE-4EB4-B671-63919DE187FC}.Debug|x86.Build.0 = Debug|x86
		{A4C38828-CFBE-4EB4-B671-63919DE187FC}.Debug|x86.Deploy.0 = Debug|x86
		{A4C38828-CFBE-4EB4-B671-63919DE187FC}.Release|Any CPU.ActiveCfg = Release|x86
		{A4C38828-CFBE-4EB4-B671-63919DE187FC}.Release|ARM.ActiveCfg = Release|ARM
		{A4C38828-CFBE-4EB4-B671-63919DE187FC}.Release|ARM.Build.0 = Release|ARM
		{A4C38828-CFBE-4EB4-B671-63919DE187FC}.Release|ARM.Deploy.0 = Release|ARM
		{A4C38828-CFBE-4EB4-B671-63919DE187FC}.Release|ARM64.ActiveCfg = Release|ARM64
		{A4C38828-CFBE-4EB4-B671-63919DE187FC}.Release|ARM64.Build.0 = Release|ARM64
		{A4C38828-CFBE-4EB4-B671-63919DE187FC}.Release|ARM64.Deploy.0 = Release|ARM64
		{A4C38828-CFBE-4EB4-B671-63919DE187FC}.Release|iPhone.ActiveCfg = Release|x86
		{A4C38828-CFBE-4EB4-B671-63919DE187FC}.Release|iPhoneSimulator.ActiveCfg = Release|x86
		{A4C38828-CFBE-4EB4-B671-63919DE187FC}.Release|x64.ActiveCfg = Release|x64
		{A4C38828-CFBE-4EB4-B671-63919DE187FC}.Release|x64.Build.0 = Release|x64
		{A4C38828-CFBE-4EB4-B671-63919DE187FC}.Release|x64.Deploy.0 = Release|x64
		{A4C38828-CFBE-4EB4-B671-63919DE187FC}.Release|x86.ActiveCfg = Release|x86
		{A4C38828-CFBE-4EB4-B671-63919DE187FC}.Release|x86.Build.0 = Release|x86
		{A4C38828-CFBE-4EB4-B671-63919DE187FC}.Release|x86.Deploy.0 = Release|x86
	EndGlobalSection
	GlobalSection(SolutionProperties) = preSolution
		HideSolutionNode = FALSE
	EndGlobalSection
	GlobalSection(ExtensibilityGlobals) = postSolution
		SolutionGuid = {F6D05029-56B8-4E45-AF2D-0E76295DDBA2}
	EndGlobalSection
EndGlobal
